
Microsoft Visual Studio Solution File, Format Version 12.00
# Visual Studio Version 17
VisualStudioVersion = 17.4.33403.182
MinimumVisualStudioVersion = 10.0.40219.1
Project("{FAE04EC0-301F-11D3-BF4B-00C04F79EFBC}") = "TesteBiblioteca", "TesteBiblioteca\TesteBiblioteca.csproj", "{4C62BD34-CC25-49AE-AA2B-07BA3932C3FB}"
EndProject
Global
	GlobalSection(SolutionConfigurationPlatforms) = preSolution
		Debug|Any CPU = Debug|Any CPU
		Release|Any CPU = Release|Any CPU
	EndGlobalSection
	GlobalSection(ProjectConfigurationPlatforms) = postSolution
		{4C62BD34-CC25-49AE-AA2B-07BA3932C3FB}.Debug|Any CPU.ActiveCfg = Debug|Any CPU
		{4C62BD34-CC25-49AE-AA2B-07BA3932C3FB}.Debug|Any CPU.Build.0 = Debug|Any CPU
		{4C62BD34-CC25-49AE-AA2B-07BA3932C3FB}.Release|Any CPU.ActiveCfg = Release|Any CPU
		{4C62BD34-CC25-49AE-AA2B-07BA3932C3FB}.Release|Any CPU.Build.0 = Release|Any CPU
	EndGlobalSection
	GlobalSection(SolutionProperties) = preSolution
		HideSolutionNode = FALSE
	EndGlobalSection
	GlobalSection(ExtensibilityGlobals) = postSolution
		SolutionGuid = {06F5F7A6-E30F-4BB5-961C-E907D5602620}
	EndGlobalSection
EndGlobal
